
Microsoft Visual Studio Solution File, Format Version 12.00
# Visual Studio Version 17
VisualStudioVersion = 17.11.35222.181
MinimumVisualStudioVersion = 10.0.40219.1
Project("{FAE04EC0-301F-11D3-BF4B-00C04F79EFBC}") = "BaseOperations", "BaseOperations\BaseOperations.csproj", "{A0793CF8-AB43-4CA1-85ED-2709C2025F72}"
EndProject
Global
	GlobalSection(SolutionConfigurationPlatforms) = preSolution
		Debug|Any CPU = Debug|Any CPU
		Release|Any CPU = Release|Any CPU
	EndGlobalSection
	GlobalSection(ProjectConfigurationPlatforms) = postSolution
		{A0793CF8-AB43-4CA1-85ED-2709C2025F72}.Debug|Any CPU.ActiveCfg = Debug|Any CPU
		{A0793CF8-AB43-4CA1-85ED-2709C2025F72}.Debug|Any CPU.Build.0 = Debug|Any CPU
		{A0793CF8-AB43-4CA1-85ED-2709C2025F72}.Release|Any CPU.ActiveCfg = Release|Any CPU
		{A0793CF8-AB43-4CA1-85ED-2709C2025F72}.Release|Any CPU.Build.0 = Release|Any CPU
	EndGlobalSection
	GlobalSection(SolutionProperties) = preSolution
		HideSolutionNode = FALSE
	EndGlobalSection
	GlobalSection(ExtensibilityGlobals) = postSolution
		SolutionGuid = {B5983BAA-7892-4900-8ED1-D6A8C5EB88E2}
	EndGlobalSection
EndGlobal
