
Microsoft Visual Studio Solution File, Format Version 12.00
# Visual Studio Version 17
VisualStudioVersion = 17.11.35222.181
MinimumVisualStudioVersion = 10.0.40219.1
Project("{FAE04EC0-301F-11D3-BF4B-00C04F79EFBC}") = "Assignment 2", "Assignment 2\Assignment 2.csproj", "{7846CF51-1C31-486C-A023-B405D3D45EF1}"
EndProject
Global
	GlobalSection(SolutionConfigurationPlatforms) = preSolution
		Debug|Any CPU = Debug|Any CPU
		Release|Any CPU = Release|Any CPU
	EndGlobalSection
	GlobalSection(ProjectConfigurationPlatforms) = postSolution
		{7846CF51-1C31-486C-A023-B405D3D45EF1}.Debug|Any CPU.ActiveCfg = Debug|Any CPU
		{7846CF51-1C31-486C-A023-B405D3D45EF1}.Debug|Any CPU.Build.0 = Debug|Any CPU
		{7846CF51-1C31-486C-A023-B405D3D45EF1}.Release|Any CPU.ActiveCfg = Release|Any CPU
		{7846CF51-1C31-486C-A023-B405D3D45EF1}.Release|Any CPU.Build.0 = Release|Any CPU
	EndGlobalSection
	GlobalSection(SolutionProperties) = preSolution
		HideSolutionNode = FALSE
	EndGlobalSection
	GlobalSection(ExtensibilityGlobals) = postSolution
		SolutionGuid = {00130E18-B787-4C2E-B8C4-B3BB1AF5F44E}
	EndGlobalSection
EndGlobal
