
Microsoft Visual Studio Solution File, Format Version 12.00
# Visual Studio Version 17
VisualStudioVersion = 17.11.35222.181
MinimumVisualStudioVersion = 10.0.40219.1
Project("{FAE04EC0-301F-11D3-BF4B-00C04F79EFBC}") = "Lift", "Lift\Lift.csproj", "{FB8FE361-76B0-4BA4-9A05-0B11FD42EEDF}"
EndProject
Global
	GlobalSection(SolutionConfigurationPlatforms) = preSolution
		Debug|Any CPU = Debug|Any CPU
		Release|Any CPU = Release|Any CPU
	EndGlobalSection
	GlobalSection(ProjectConfigurationPlatforms) = postSolution
		{FB8FE361-76B0-4BA4-9A05-0B11FD42EEDF}.Debug|Any CPU.ActiveCfg = Debug|Any CPU
		{FB8FE361-76B0-4BA4-9A05-0B11FD42EEDF}.Debug|Any CPU.Build.0 = Debug|Any CPU
		{FB8FE361-76B0-4BA4-9A05-0B11FD42EEDF}.Release|Any CPU.ActiveCfg = Release|Any CPU
		{FB8FE361-76B0-4BA4-9A05-0B11FD42EEDF}.Release|Any CPU.Build.0 = Release|Any CPU
	EndGlobalSection
	GlobalSection(SolutionProperties) = preSolution
		HideSolutionNode = FALSE
	EndGlobalSection
	GlobalSection(ExtensibilityGlobals) = postSolution
		SolutionGuid = {65836CBC-18E5-4936-85E1-229793340053}
	EndGlobalSection
EndGlobal
